{
  "pins" : [
    {
      "identity" : "grdb.swift",
      "kind" : "remoteSourceControl",
      "location" : "https://github.com/michaelj103/GRDB.swift.git",
      "state" : {
        "branch" : "linuxSupport",
        "revision" : "93f1e6d9cd0c36aab82c289ab14905fd4a142952"
      }
    },
    {
      "identity" : "swift-argument-parser",
      "kind" : "remoteSourceControl",
      "location" : "https://github.com/apple/swift-argument-parser",
      "state" : {
        "revision" : "df9ee6676cd5b3bf5b330ec7568a5644f547201b",
        "version" : "1.1.3"
      }
    },
    {
      "identity" : "swift-atomics",
      "kind" : "remoteSourceControl",
      "location" : "https://github.com/apple/swift-atomics.git",
      "state" : {
        "revision" : "919eb1d83e02121cdb434c7bfc1f0c66ef17febe",
        "version" : "1.0.2"
      }
    },
    {
      "identity" : "swift-nio",
      "kind" : "remoteSourceControl",
      "location" : "https://github.com/apple/swift-nio",
      "state" : {
        "revision" : "b4e0a274f7f34210e97e2f2c50ab02a10b549250",
        "version" : "2.41.1"
      }
    }
  ],
  "version" : 2
}
